
Microsoft Visual Studio Solution File, Format Version 12.00
# Visual Studio 15
VisualStudioVersion = 15.0.27703.2047
MinimumVisualStudioVersion = 10.0.40219.1
Project("{FAE04EC0-301F-11D3-BF4B-00C04F79EFBC}") = "Keysproject", "Keysproject\Keysproject.csproj", "{94E58D56-D309-4331-B267-1CFA1BB1389E}"
EndProject
Global
	GlobalSection(SolutionConfigurationPlatforms) = preSolution
		Debug|Any CPU = Debug|Any CPU
		Release|Any CPU = Release|Any CPU
	EndGlobalSection
	GlobalSection(ProjectConfigurationPlatforms) = postSolution
		{94E58D56-D309-4331-B267-1CFA1BB1389E}.Debug|Any CPU.ActiveCfg = Debug|Any CPU
		{94E58D56-D309-4331-B267-1CFA1BB1389E}.Debug|Any CPU.Build.0 = Debug|Any CPU
		{94E58D56-D309-4331-B267-1CFA1BB1389E}.Release|Any CPU.ActiveCfg = Release|Any CPU
		{94E58D56-D309-4331-B267-1CFA1BB1389E}.Release|Any CPU.Build.0 = Release|Any CPU
	EndGlobalSection
	GlobalSection(SolutionProperties) = preSolution
		HideSolutionNode = FALSE
	EndGlobalSection
	GlobalSection(ExtensibilityGlobals) = postSolution
		SolutionGuid = {636ABC0F-47BA-494F-9075-5BD56A367335}
	EndGlobalSection
EndGlobal
